
Microsoft Visual Studio Solution File, Format Version 12.00
# Visual Studio Version 17
VisualStudioVersion = 17.13.35931.197
MinimumVisualStudioVersion = 10.0.40219.1
Project("{FAE04EC0-301F-11D3-BF4B-00C04F79EFBC}") = "Bookify-Library-mgnt", "Bookify-Library-mgnt\Bookify-Library-mgnt.csproj", "{2375714F-B46B-46EB-9602-C692109A7A64}"
	ProjectSection(ProjectDependencies) = postProject
		{C70753D1-CA02-4EB2-96B0-F2D8D0A650C1} = {C70753D1-CA02-4EB2-96B0-F2D8D0A650C1}
		{F2B4CA32-D380-449E-AF12-8938D94A9436} = {F2B4CA32-D380-449E-AF12-8938D94A9436}
	EndProjectSection
EndProject
Project("{FAE04EC0-301F-11D3-BF4B-00C04F79EFBC}") = "Data", "Domain\Data.csproj", "{0A0D4B55-7ECD-4F4B-889D-0A8F9E6BFBB0}"
EndProject
Project("{FAE04EC0-301F-11D3-BF4B-00C04F79EFBC}") = "Application", "Application\Application.csproj", "{F2B4CA32-D380-449E-AF12-8938D94A9436}"
	ProjectSection(ProjectDependencies) = postProject
		{0A0D4B55-7ECD-4F4B-889D-0A8F9E6BFBB0} = {0A0D4B55-7ECD-4F4B-889D-0A8F9E6BFBB0}
	EndProjectSection
EndProject
Project("{FAE04EC0-301F-11D3-BF4B-00C04F79EFBC}") = "Infrastructure", "Infrastructure\Infrastructure.csproj", "{C70753D1-CA02-4EB2-96B0-F2D8D0A650C1}"
	ProjectSection(ProjectDependencies) = postProject
		{0A0D4B55-7ECD-4F4B-889D-0A8F9E6BFBB0} = {0A0D4B55-7ECD-4F4B-889D-0A8F9E6BFBB0}
		{F2B4CA32-D380-449E-AF12-8938D94A9436} = {F2B4CA32-D380-449E-AF12-8938D94A9436}
	EndProjectSection
EndProject
Global
	GlobalSection(SolutionConfigurationPlatforms) = preSolution
		Debug|Any CPU = Debug|Any CPU
		Release|Any CPU = Release|Any CPU
	EndGlobalSection
	GlobalSection(ProjectConfigurationPlatforms) = postSolution
		{2375714F-B46B-46EB-9602-C692109A7A64}.Debug|Any CPU.ActiveCfg = Debug|Any CPU
		{2375714F-B46B-46EB-9602-C692109A7A64}.Debug|Any CPU.Build.0 = Debug|Any CPU
		{2375714F-B46B-46EB-9602-C692109A7A64}.Release|Any CPU.ActiveCfg = Release|Any CPU
		{2375714F-B46B-46EB-9602-C692109A7A64}.Release|Any CPU.Build.0 = Release|Any CPU
		{0A0D4B55-7ECD-4F4B-889D-0A8F9E6BFBB0}.Debug|Any CPU.ActiveCfg = Debug|Any CPU
		{0A0D4B55-7ECD-4F4B-889D-0A8F9E6BFBB0}.Debug|Any CPU.Build.0 = Debug|Any CPU
		{0A0D4B55-7ECD-4F4B-889D-0A8F9E6BFBB0}.Release|Any CPU.ActiveCfg = Release|Any CPU
		{0A0D4B55-7ECD-4F4B-889D-0A8F9E6BFBB0}.Release|Any CPU.Build.0 = Release|Any CPU
		{F2B4CA32-D380-449E-AF12-8938D94A9436}.Debug|Any CPU.ActiveCfg = Debug|Any CPU
		{F2B4CA32-D380-449E-AF12-8938D94A9436}.Debug|Any CPU.Build.0 = Debug|Any CPU
		{F2B4CA32-D380-449E-AF12-8938D94A9436}.Release|Any CPU.ActiveCfg = Release|Any CPU
		{F2B4CA32-D380-449E-AF12-8938D94A9436}.Release|Any CPU.Build.0 = Release|Any CPU
		{C70753D1-CA02-4EB2-96B0-F2D8D0A650C1}.Debug|Any CPU.ActiveCfg = Debug|Any CPU
		{C70753D1-CA02-4EB2-96B0-F2D8D0A650C1}.Debug|Any CPU.Build.0 = Debug|Any CPU
		{C70753D1-CA02-4EB2-96B0-F2D8D0A650C1}.Release|Any CPU.ActiveCfg = Release|Any CPU
		{C70753D1-CA02-4EB2-96B0-F2D8D0A650C1}.Release|Any CPU.Build.0 = Release|Any CPU
	EndGlobalSection
	GlobalSection(SolutionProperties) = preSolution
		HideSolutionNode = FALSE
	EndGlobalSection
	GlobalSection(ExtensibilityGlobals) = postSolution
		SolutionGuid = {A3990DAC-C635-497C-9C4B-D5B92D64D83E}
	EndGlobalSection
EndGlobal
